
Microsoft Visual Studio Solution File, Format Version 12.00
# Visual Studio Version 17
VisualStudioVersion = 17.4.33205.214
MinimumVisualStudioVersion = 10.0.40219.1
Project("{FAE04EC0-301F-11D3-BF4B-00C04F79EFBC}") = "SpaceJetMedia", "SpaceJetMedia\SpaceJetMedia.csproj", "{2A3E63D5-05AE-4B99-BB97-62A4FBB67AA5}"
EndProject
Global
	GlobalSection(SolutionConfigurationPlatforms) = preSolution
		Debug|Any CPU = Debug|Any CPU
		Release|Any CPU = Release|Any CPU
	EndGlobalSection
	GlobalSection(ProjectConfigurationPlatforms) = postSolution
		{2A3E63D5-05AE-4B99-BB97-62A4FBB67AA5}.Debug|Any CPU.ActiveCfg = Debug|Any CPU
		{2A3E63D5-05AE-4B99-BB97-62A4FBB67AA5}.Debug|Any CPU.Build.0 = Debug|Any CPU
		{2A3E63D5-05AE-4B99-BB97-62A4FBB67AA5}.Release|Any CPU.ActiveCfg = Release|Any CPU
		{2A3E63D5-05AE-4B99-BB97-62A4FBB67AA5}.Release|Any CPU.Build.0 = Release|Any CPU
	EndGlobalSection
	GlobalSection(SolutionProperties) = preSolution
		HideSolutionNode = FALSE
	EndGlobalSection
	GlobalSection(ExtensibilityGlobals) = postSolution
		SolutionGuid = {C032C464-3848-4EE4-A477-BF2B72351BF1}
	EndGlobalSection
EndGlobal
